
Microsoft Visual Studio Solution File, Format Version 12.00
# Visual Studio Version 17
VisualStudioVersion = 17.11.35312.102
MinimumVisualStudioVersion = 10.0.40219.1
Project("{FAE04EC0-301F-11D3-BF4B-00C04F79EFBC}") = "JogoDaVelha2.0", "JogoDaVelha2.0\JogoDaVelha2.0.csproj", "{83BE38CC-F3F2-4F92-B6CD-C758A88AE0FD}"
EndProject
Global
	GlobalSection(SolutionConfigurationPlatforms) = preSolution
		Debug|Any CPU = Debug|Any CPU
		Release|Any CPU = Release|Any CPU
	EndGlobalSection
	GlobalSection(ProjectConfigurationPlatforms) = postSolution
		{83BE38CC-F3F2-4F92-B6CD-C758A88AE0FD}.Debug|Any CPU.ActiveCfg = Debug|Any CPU
		{83BE38CC-F3F2-4F92-B6CD-C758A88AE0FD}.Debug|Any CPU.Build.0 = Debug|Any CPU
		{83BE38CC-F3F2-4F92-B6CD-C758A88AE0FD}.Release|Any CPU.ActiveCfg = Release|Any CPU
		{83BE38CC-F3F2-4F92-B6CD-C758A88AE0FD}.Release|Any CPU.Build.0 = Release|Any CPU
	EndGlobalSection
	GlobalSection(SolutionProperties) = preSolution
		HideSolutionNode = FALSE
	EndGlobalSection
	GlobalSection(ExtensibilityGlobals) = postSolution
		SolutionGuid = {42AF1856-AF02-450E-9896-2BB01EFB2736}
	EndGlobalSection
EndGlobal
